
Microsoft Visual Studio Solution File, Format Version 12.00
# Visual Studio Version 17
VisualStudioVersion = 17.8.34408.163
MinimumVisualStudioVersion = 10.0.40219.1
Project("{FAE04EC0-301F-11D3-BF4B-00C04F79EFBC}") = "API-Electronic", "API-Electronic.csproj", "{29A22346-C32A-46E8-97E0-C12F3242868B}"
EndProject
Global
	GlobalSection(SolutionConfigurationPlatforms) = preSolution
		Debug|Any CPU = Debug|Any CPU
		Release|Any CPU = Release|Any CPU
	EndGlobalSection
	GlobalSection(ProjectConfigurationPlatforms) = postSolution
		{29A22346-C32A-46E8-97E0-C12F3242868B}.Debug|Any CPU.ActiveCfg = Debug|Any CPU
		{29A22346-C32A-46E8-97E0-C12F3242868B}.Debug|Any CPU.Build.0 = Debug|Any CPU
		{29A22346-C32A-46E8-97E0-C12F3242868B}.Release|Any CPU.ActiveCfg = Release|Any CPU
		{29A22346-C32A-46E8-97E0-C12F3242868B}.Release|Any CPU.Build.0 = Release|Any CPU
	EndGlobalSection
	GlobalSection(SolutionProperties) = preSolution
		HideSolutionNode = FALSE
	EndGlobalSection
	GlobalSection(ExtensibilityGlobals) = postSolution
		SolutionGuid = {78894EDF-FAD1-480B-8088-CC4DD68D6691}
	EndGlobalSection
EndGlobal
